// !$*UTF8*$!
{
	archiveVersion = 1;
	classes = {
	};
	objectVersion = 46;
	objects = {

/* Begin PBXBuildFile section */
		89E827831DD306050086582A /* AppDelegate.swift in Sources */ = {isa = PBXBuildFile; fileRef = 89E827821DD306050086582A /* AppDelegate.swift */; };
		89E827851DD306050086582A /* ViewController.swift in Sources */ = {isa = PBXBuildFile; fileRef = 89E827841DD306050086582A /* ViewController.swift */; };
		89E827881DD306050086582A /* Main.storyboard in Resources */ = {isa = PBXBuildFile; fileRef = 89E827861DD306050086582A /* Main.storyboard */; };
		89E8278A1DD306050086582A /* Assets.xcassets in Resources */ = {isa = PBXBuildFile; fileRef = 89E827891DD306050086582A /* Assets.xcassets */; };
		89E8278D1DD306050086582A /* LaunchScreen.storyboard in Resources */ = {isa = PBXBuildFile; fileRef = 89E8278B1DD306050086582A /* LaunchScreen.storyboard */; };
/* End PBXBuildFile section */

/* Begin PBXFileReference section */
		89E8277F1DD306050086582A /* dentakuApp3.app */ = {isa = PBXFileReference; explicitFileType = wrapper.application; includeInIndex = 0; path = dentakuApp3.app; sourceTree = BUILT_PRODUCTS_DIR; };
		89E827821DD306050086582A /* AppDelegate.swift */ = {isa = PBXFileReference; lastKnownFileType = sourcecode.swift; path = AppDelegate.swift; sourceTree = "<group>"; };
		89E827841DD306050086582A /* ViewController.swift */ = {isa = PBXFileReference; lastKnownFileType = sourcecode.swift; path = ViewController.swift; sourceTree = "<group>"; };
		89E827871DD306050086582A /* Base */ = {isa = PBXFileReference; lastKnownFileType = file.storyboard; name = Base; path = Base.lproj/Main.storyboard; sourceTree = "<group>"; };
		89E827891DD306050086582A /* Assets.xcassets */ = {isa = PBXFileReference; lastKnownFileType = folder.assetcatalog; path = Assets.xcassets; sourceTree = "<group>"; };
		89E8278C1DD306050086582A /* Base */ = {isa = PBXFileReference; lastKnownFileType = file.storyboard; name = Base; path = Base.lproj/LaunchScreen.storyboard; sourceTree = "<group>"; };
		89E8278E1DD306050086582A /* Info.plist */ = {isa = PBXFileReference; lastKnownFileType = text.plist.xml; path = Info.plist; sourceTree = "<group>"; };
/* End PBXFileReference section */

/* Begin PBXFrameworksBuildPhase section */
		89E8277C1DD306050086582A /* Frameworks */ = {
			isa = PBXFrameworksBuildPhase;
			buildActionMask = 2147483647;
			files = (
			);
			runOnlyForDeploymentPostprocessing = 0;
		};
/* End PBXFrameworksBuildPhase section */

/* Begin PBXGroup section */
		89E827761DD306050086582A = {
			isa = PBXGroup;
			children = (
				89E827811DD306050086582A /* dentakuApp3 */,
				89E827801DD306050086582A /* Products */,
			);
			sourceTree = "<group>";
		};
		89E827801DD306050086582A /* Products */ = {
			isa = PBXGroup;
			children = (
				89E8277F1DD306050086582A /* dentakuApp3.app */,
			);
			name = Products;
			sourceTree = "<group>";
		};
		89E827811DD306050086582A /* dentakuApp3 */ = {
			isa = PBXGroup;
			children = (
				89E827821DD306050086582A /* AppDelegate.swift */,
				89E827841DD306050086582A /* ViewController.swift */,
				89E827861DD306050086582A /* Main.storyboard */,
				89E827891DD306050086582A /* Assets.xcassets */,
				89E8278B1DD306050086582A /* LaunchScreen.storyboard */,
				89E8278E1DD306050086582A /* Info.plist */,
			);
			path = dentakuApp3;
			sourceTree = "<group>";
		};
/* End PBXGroup section */

/* Begin PBXNativeTarget section */
		89E8277E1DD306050086582A /* dentakuApp3 */ = {
			isa = PBXNativeTarget;
			buildConfigurationList = 89E827911DD306050086582A /* Build configuration list for PBXNativeTarget "dentakuApp3" */;
			buildPhases = (
				89E8277B1DD306050086582A /* Sources */,
				89E8277C1DD306050086582A /* Frameworks */,
				89E8277D1DD306050086582A /* Resources */,
			);
			buildRules = (
			);
			dependencies = (
			);
			name = dentakuApp3;
			productName = dentakuApp3;
			productReference = 89E8277F1DD306050086582A /* dentakuApp3.app */;
			productType = "com.apple.product-type.application";
		};
/* End PBXNativeTarget section */

/* Begin PBXProject section */
		89E827771DD306050086582A /* Project object */ = {
			isa = PBXProject;
			attributes = {
				LastSwiftUpdateCheck = 0810;
				LastUpgradeCheck = 0810;
				ORGANIZATIONNAME = "BETA-yamato";
				TargetAttributes = {
					89E8277E1DD306050086582A = {
						CreatedOnToolsVersion = 8.1;
						DevelopmentTeam = G76E985X3G;
						ProvisioningStyle = Automatic;
					};
				};
			};
			buildConfigurationList = 89E8277A1DD306050086582A /* Build configuration list for PBXProject "dentakuApp3" */;
			compatibilityVersion = "Xcode 3.2";
			developmentRegion = English;
			hasScannedForEncodings = 0;
			knownRegions = (
				en,
				Base,
			);
			mainGroup = 89E827761DD306050086582A;
			productRefGroup = 89E827801DD306050086582A /* Products */;
			projectDirPath = "";
			projectRoot = "";
			targets = (
				89E8277E1DD306050086582A /* dentakuApp3 */,
			);
		};
/* End PBXProject section */

/* Begin PBXResourcesBuildPhase section */
		89E8277D1DD306050086582A /* Resources */ = {
			isa = PBXResourcesBuildPhase;
			buildActionMask = 2147483647;
			files = (
				89E8278D1DD306050086582A /* LaunchScreen.storyboard in Resources */,
				89E8278A1DD306050086582A /* Assets.xcassets in Resources */,
				89E827881DD306050086582A /* Main.storyboard in Resources */,
			);
			runOnlyForDeploymentPostprocessing = 0;
		};
/* End PBXResourcesBuildPhase section */

/* Begin PBXSourcesBuildPhase section */
		89E8277B1DD306050086582A /* Sources */ = {
			isa = PBXSourcesBuildPhase;
			buildActionMask = 2147483647;
			files = (
				89E827851DD306050086582A /* ViewController.swift in Sources */,
				89E827831DD306050086582A /* AppDelegate.swift in Sources */,
			);
			runOnlyForDeploymentPostprocessing = 0;
		};
/* End PBXSourcesBuildPhase section */

/* Begin PBXVariantGroup section */
		89E827861DD306050086582A /* Main.storyboard */ = {
			isa = PBXVariantGroup;
			children = (
				89E827871DD306050086582A /* Base */,
			);
			name = Main.storyboard;
			sourceTree = "<group>";
		};
		89E8278B1DD306050086582A /* LaunchScreen.storyboard */ = {
			isa = PBXVariantGroup;
			children = (
				89E8278C1DD306050086582A /* Base */,
			);
			name = LaunchScreen.storyboard;
			sourceTree = "<group>";
		};
/* End PBXVariantGroup section */

/* Begin XCBuildConfiguration section */
		89E8278F1DD306050086582A /* Debug */ = {
			isa = XCBuildConfiguration;
			buildSettings = {
				ALWAYS_SEARCH_USER_PATHS = NO;
				CLANG_ANALYZER_NONNULL = YES;
				CLANG_CXX_LANGUAGE_STANDARD = "gnu++0x";
				CLANG_CXX_LIBRARY = "libc++";
				CLANG_ENABLE_MODULES = YES;
				CLANG_ENABLE_OBJC_ARC = YES;
				CLANG_WARN_BOOL_CONVERSION = YES;
				CLANG_WARN_CONSTANT_CONVERSION = YES;
				CLANG_WARN_DIRECT_OBJC_ISA_USAGE = YES_ERROR;
				CLANG_WARN_DOCUMENTATION_COMMENTS = YES;
				CLANG_WARN_EMPTY_BODY = YES;
				CLANG_WARN_ENUM_CONVERSION = YES;
				CLANG_WARN_INFINITE_RECURSION = YES;
				CLANG_WARN_INT_CONVERSION = YES;
				CLANG_WARN_OBJC_ROOT_CLASS = YES_ERROR;
				CLANG_WARN_SUSPICIOUS_MOVES = YES;
				CLANG_WARN_UNREACHABLE_CODE = YES;
				CLANG_WARN__DUPLICATE_METHOD_MATCH = YES;
				"CODE_SIGN_IDENTITY[sdk=iphoneos*]" = "iPhone Developer";
				COPY_PHASE_STRIP = NO;
				DEBUG_INFORMATION_FORMAT = dwarf;
				ENABLE_STRICT_OBJC_MSGSEND = YES;
				ENABLE_TESTABILITY = YES;
				GCC_C_LANGUAGE_STANDARD = gnu99;
				GCC_DYNAMIC_NO_PIC = NO;
				GCC_NO_COMMON_BLOCKS = YES;
				GCC_OPTIMIZATION_LEVEL = 0;
				GCC_PREPROCESSOR_DEFINITIONS = (
					"DEBUG=1",
					"$(inherited)",
				);
				GCC_WARN_64_TO_32_BIT_CONVERSION = YES;
				GCC_WARN_ABOUT_RETURN_TYPE = YES_ERROR;
				GCC_WARN_UNDECLARED_SELECTOR = YES;
				GCC_WARN_UNINITIALIZED_AUTOS = YES_AGGRESSIVE;
				GCC_WARN_UNUSED_FUNCTION = YES;
				GCC_WARN_UNUSED_VARIABLE = YES;
				IPHONEOS_DEPLOYMENT_TARGET = 10.1;
				MTL_ENABLE_DEBUG_INFO = YES;
				ONLY_ACTIVE_ARCH = YES;
				SDKROOT = iphoneos;
				SWIFT_ACTIVE_COMPILATION_CONDITIONS = DEBUG;
				SWIFT_OPTIMIZATION_LEVEL = "-Onone";
			};
			name = Debug;
		};
		89E827901DD306050086582A /* Release */ = {
			isa = XCBuildConfiguration;
			buildSettings = {
				ALWAYS_SEARCH_USER_PATHS = NO;
				CLANG_ANALYZER_NONNULL = YES;
				CLANG_CXX_LANGUAGE_STANDARD = "gnu++0x";
				CLANG_CXX_LIBRARY = "libc++";
				CLANG_ENABLE_MODULES = YES;
				CLANG_ENABLE_OBJC_ARC = YES;
				CLANG_WARN_BOOL_CONVERSION = YES;
				CLANG_WARN_CONSTANT_CONVERSION = YES;
				CLANG_WARN_DIRECT_OBJC_ISA_USAGE = YES_ERROR;
				CLANG_WARN_DOCUMENTATION_COMMENTS = YES;
				CLANG_WARN_EMPTY_BODY = YES;
				CLANG_WARN_ENUM_CONVERSION = YES;
				CLANG_WARN_INFINITE_RECURSION = YES;
				CLANG_WARN_INT_CONVERSION = YES;
				CLANG_WARN_OBJC_ROOT_CLASS = YES_ERROR;
				CLANG_WARN_SUSPICIOUS_MOVES = YES;
				CLANG_WARN_UNREACHABLE_CODE = YES;
				CLANG_WARN__DUPLICATE_METHOD_MATCH = YES;
				"CODE_SIGN_IDENTITY[sdk=iphoneos*]" = "iPhone Developer";
				COPY_PHASE_STRIP = NO;
				DEBUG_INFORMATION_FORMAT = "dwarf-with-dsym";
				ENABLE_NS_ASSERTIONS = NO;
				ENABLE_STRICT_OBJC_MSGSEND = YES;
				GCC_C_LANGUAGE_STANDARD = gnu99;
				GCC_NO_COMMON_BLOCKS = YES;
				GCC_WARN_64_TO_32_BIT_CONVERSION = YES;
				GCC_WARN_ABOUT_RETURN_TYPE = YES_ERROR;
				GCC_WARN_UNDECLARED_SELECTOR = YES;
				GCC_WARN_UNINITIALIZED_AUTOS = YES_AGGRESSIVE;
				GCC_WARN_UNUSED_FUNCTION = YES;
				GCC_WARN_UNUSED_VARIABLE = YES;
				IPHONEOS_DEPLOYMENT_TARGET = 10.1;
				MTL_ENABLE_DEBUG_INFO = NO;
				SDKROOT = iphoneos;
				SWIFT_OPTIMIZATION_LEVEL = "-Owholemodule";
				VALIDATE_PRODUCT = YES;
			};
			name = Release;
		};
		89E827921DD306050086582A /* Debug */ = {
			isa = XCBuildConfiguration;
			buildSettings = {
				ASSETCATALOG_COMPILER_APPICON_NAME = AppIcon;
				DEVELOPMENT_TEAM = G76E985X3G;
				INFOPLIST_FILE = dentakuApp3/Info.plist;
				LD_RUNPATH_SEARCH_PATHS = "$(inherited) @executable_path/Frameworks";
				PRODUCT_BUNDLE_IDENTIFIER = "com.BETA-yamato.dentakuApp3";
				PRODUCT_NAME = "$(TARGET_NAME)";
				SWIFT_VERSION = 3.0;
			};
			name = Debug;
		};
		89E827931DD306050086582A /* Release */ = {
			isa = XCBuildConfiguration;
			buildSettings = {
				ASSETCATALOG_COMPILER_APPICON_NAME = AppIcon;
				DEVELOPMENT_TEAM = G76E985X3G;
				INFOPLIST_FILE = dentakuApp3/Info.plist;
				LD_RUNPATH_SEARCH_PATHS = "$(inherited) @executable_path/Frameworks";
				PRODUCT_BUNDLE_IDENTIFIER = "com.BETA-yamato.dentakuApp3";
				PRODUCT_NAME = "$(TARGET_NAME)";
				SWIFT_VERSION = 3.0;
			};
			name = Release;
		};
/* End XCBuildConfiguration section */

/* Begin XCConfigurationList section */
		89E8277A1DD306050086582A /* Build configuration list for PBXProject "dentakuApp3" */ = {
			isa = XCConfigurationList;
			buildConfigurations = (
				89E8278F1DD306050086582A /* Debug */,
				89E827901DD306050086582A /* Release */,
			);
			defaultConfigurationIsVisible = 0;
			defaultConfigurationName = Release;
		};
		89E827911DD306050086582A /* Build configuration list for PBXNativeTarget "dentakuApp3" */ = {
			isa = XCConfigurationList;
			buildConfigurations = (
				89E827921DD306050086582A /* Debug */,
				89E827931DD306050086582A /* Release */,
			);
			defaultConfigurationIsVisible = 0;
		};
/* End XCConfigurationList section */
	};
	rootObject = 89E827771DD306050086582A /* Project object */;
}
